// !$*UTF8*$!
{
	archiveVersion = 1;
	classes = {
	};
	objectVersion = 56;
	objects = {

/* Begin PBXBuildFile section */
		093AAC462F65838D25A9CA59 /* Pods_SampleMoviesApp_SampleMoviesAppUITests.framework in Frameworks */ = {isa = PBXBuildFile; fileRef = B35495BFF7D9FD70E55B7704 /* Pods_SampleMoviesApp_SampleMoviesAppUITests.framework */; };
		B49C49720ACDB14E5334E77C /* Pods_SampleMoviesAppTests.framework in Frameworks */ = {isa = PBXBuildFile; fileRef = 872C10B12171AB2C9AF07AB9 /* Pods_SampleMoviesAppTests.framework */; };
		CAA57D6F298D0193001BFFA6 /* Request+Extensions.swift in Sources */ = {isa = PBXBuildFile; fileRef = CAA57D6E298D0193001BFFA6 /* Request+Extensions.swift */; };
		CAA57D71298D07CE001BFFA6 /* Paging.swift in Sources */ = {isa = PBXBuildFile; fileRef = CAA57D70298D07CE001BFFA6 /* Paging.swift */; };
		CAE44FE9298CC8F300306E64 /* Main.storyboard in Resources */ = {isa = PBXBuildFile; fileRef = CAE44FE8298CC8F300306E64 /* Main.storyboard */; };
		CAE44FEB298CCB5600306E64 /* UIViewController+Extensions.swift in Sources */ = {isa = PBXBuildFile; fileRef = CAE44FEA298CCB5600306E64 /* UIViewController+Extensions.swift */; };
		CAE44FEC298CCFA200306E64 /* Pods_SampleMoviesApp.framework in Frameworks */ = {isa = PBXBuildFile; fileRef = 131E284E4DE6A17E83B814EC /* Pods_SampleMoviesApp.framework */; };
		F6F47290298B5A7E00C3C77C /* AppDelegate.swift in Sources */ = {isa = PBXBuildFile; fileRef = F6F4728F298B5A7E00C3C77C /* AppDelegate.swift */; };
		F6F47299298B5A7F00C3C77C /* Assets.xcassets in Resources */ = {isa = PBXBuildFile; fileRef = F6F47298298B5A7F00C3C77C /* Assets.xcassets */; };
		F6F4729C298B5A7F00C3C77C /* LaunchScreen.storyboard in Resources */ = {isa = PBXBuildFile; fileRef = F6F4729A298B5A7F00C3C77C /* LaunchScreen.storyboard */; };
		F6F472A7298B5A7F00C3C77C /* SampleMoviesAppTests.swift in Sources */ = {isa = PBXBuildFile; fileRef = F6F472A6298B5A7F00C3C77C /* SampleMoviesAppTests.swift */; };
		F6F472B1298B5A7F00C3C77C /* SampleMoviesAppUITests.swift in Sources */ = {isa = PBXBuildFile; fileRef = F6F472B0298B5A7F00C3C77C /* SampleMoviesAppUITests.swift */; };
		F6F472B3298B5A7F00C3C77C /* SampleMoviesAppUITestsLaunchTests.swift in Sources */ = {isa = PBXBuildFile; fileRef = F6F472B2298B5A7F00C3C77C /* SampleMoviesAppUITestsLaunchTests.swift */; };
		F6F472C8298B605700C3C77C /* BookingViewController.swift in Sources */ = {isa = PBXBuildFile; fileRef = F6F472C7298B605700C3C77C /* BookingViewController.swift */; };
		F6F472CB298B625600C3C77C /* MovieDetailsViewController.swift in Sources */ = {isa = PBXBuildFile; fileRef = F6F472CA298B625600C3C77C /* MovieDetailsViewController.swift */; };
		F6F472D1298B62EE00C3C77C /* MovieService.swift in Sources */ = {isa = PBXBuildFile; fileRef = F6F472D0298B62EE00C3C77C /* MovieService.swift */; };
		F6F472DA298B6C4800C3C77C /* MainViewController.swift in Sources */ = {isa = PBXBuildFile; fileRef = F6F472D9298B6C4800C3C77C /* MainViewController.swift */; };
		F6F472DE298B718A00C3C77C /* MovieTableViewCell.swift in Sources */ = {isa = PBXBuildFile; fileRef = F6F472DC298B718A00C3C77C /* MovieTableViewCell.swift */; };
		F6F472DF298B718A00C3C77C /* MovieTableViewCell.xib in Resources */ = {isa = PBXBuildFile; fileRef = F6F472DD298B718A00C3C77C /* MovieTableViewCell.xib */; };
		F6F472E1298B731100C3C77C /* Movie.swift in Sources */ = {isa = PBXBuildFile; fileRef = F6F472E0298B731100C3C77C /* Movie.swift */; };
		F6F472E4298B752000C3C77C /* UIImageView+Extensions.swift in Sources */ = {isa = PBXBuildFile; fileRef = F6F472E3298B752000C3C77C /* UIImageView+Extensions.swift */; };
		F6F472F7298BA39900C3C77C /* HTTPMethod.swift in Sources */ = {isa = PBXBuildFile; fileRef = F6F472F6298BA39900C3C77C /* HTTPMethod.swift */; };
		F6F472F9298BA3D600C3C77C /* Target.swift in Sources */ = {isa = PBXBuildFile; fileRef = F6F472F8298BA3D600C3C77C /* Target.swift */; };
		F6F472FF298BA75900C3C77C /* NetworkError.swift in Sources */ = {isa = PBXBuildFile; fileRef = F6F472FE298BA75900C3C77C /* NetworkError.swift */; };
		F6F47303298BBD6300C3C77C /* Provider.swift in Sources */ = {isa = PBXBuildFile; fileRef = F6F47302298BBD6300C3C77C /* Provider.swift */; };
		F6F47305298BC33600C3C77C /* MovieEndpoint.swift in Sources */ = {isa = PBXBuildFile; fileRef = F6F47304298BC33600C3C77C /* MovieEndpoint.swift */; };
		F6F47308298BC3CD00C3C77C /* Environment.swift in Sources */ = {isa = PBXBuildFile; fileRef = F6F47307298BC3CD00C3C77C /* Environment.swift */; };
		F6F4730A298BD02C00C3C77C /* Genre.swift in Sources */ = {isa = PBXBuildFile; fileRef = F6F47309298BD02C00C3C77C /* Genre.swift */; };
		F6F4730C298BD28700C3C77C /* MainViewModel.swift in Sources */ = {isa = PBXBuildFile; fileRef = F6F4730B298BD28700C3C77C /* MainViewModel.swift */; };
/* End PBXBuildFile section */

/* Begin PBXContainerItemProxy section */
		F6F472A3298B5A7F00C3C77C /* PBXContainerItemProxy */ = {
			isa = PBXContainerItemProxy;
			containerPortal = F6F47284298B5A7E00C3C77C /* Project object */;
			proxyType = 1;
			remoteGlobalIDString = F6F4728B298B5A7E00C3C77C;
			remoteInfo = SampleMoviesApp;
		};
		F6F472AD298B5A7F00C3C77C /* PBXContainerItemProxy */ = {
			isa = PBXContainerItemProxy;
			containerPortal = F6F47284298B5A7E00C3C77C /* Project object */;
			proxyType = 1;
			remoteGlobalIDString = F6F4728B298B5A7E00C3C77C;
			remoteInfo = SampleMoviesApp;
		};
/* End PBXContainerItemProxy section */

/* Begin PBXFileReference section */
		131E284E4DE6A17E83B814EC /* Pods_SampleMoviesApp.framework */ = {isa = PBXFileReference; explicitFileType = wrapper.framework; includeInIndex = 0; path = Pods_SampleMoviesApp.framework; sourceTree = BUILT_PRODUCTS_DIR; };
		44BFA3FE8F8F5E58AE7C0079 /* Pods-SampleMoviesApp.debug.xcconfig */ = {isa = PBXFileReference; includeInIndex = 1; lastKnownFileType = text.xcconfig; name = "Pods-SampleMoviesApp.debug.xcconfig"; path = "Target Support Files/Pods-SampleMoviesApp/Pods-SampleMoviesApp.debug.xcconfig"; sourceTree = "<group>"; };
		4C164345DB068F1474E58298 /* Pods-SampleMoviesAppTests.debug.xcconfig */ = {isa = PBXFileReference; includeInIndex = 1; lastKnownFileType = text.xcconfig; name = "Pods-SampleMoviesAppTests.debug.xcconfig"; path = "Target Support Files/Pods-SampleMoviesAppTests/Pods-SampleMoviesAppTests.debug.xcconfig"; sourceTree = "<group>"; };
		51D42C41F67AD8BD0795AB9F /* Pods-SampleMoviesApp-SampleMoviesAppUITests.release.xcconfig */ = {isa = PBXFileReference; includeInIndex = 1; lastKnownFileType = text.xcconfig; name = "Pods-SampleMoviesApp-SampleMoviesAppUITests.release.xcconfig"; path = "Target Support Files/Pods-SampleMoviesApp-SampleMoviesAppUITests/Pods-SampleMoviesApp-SampleMoviesAppUITests.release.xcconfig"; sourceTree = "<group>"; };
		872C10B12171AB2C9AF07AB9 /* Pods_SampleMoviesAppTests.framework */ = {isa = PBXFileReference; explicitFileType = wrapper.framework; includeInIndex = 0; path = Pods_SampleMoviesAppTests.framework; sourceTree = BUILT_PRODUCTS_DIR; };
		A83B38A77B272C7BDFF42632 /* Pods-SampleMoviesApp-SampleMoviesAppUITests.debug.xcconfig */ = {isa = PBXFileReference; includeInIndex = 1; lastKnownFileType = text.xcconfig; name = "Pods-SampleMoviesApp-SampleMoviesAppUITests.debug.xcconfig"; path = "Target Support Files/Pods-SampleMoviesApp-SampleMoviesAppUITests/Pods-SampleMoviesApp-SampleMoviesAppUITests.debug.xcconfig"; sourceTree = "<group>"; };
		B35495BFF7D9FD70E55B7704 /* Pods_SampleMoviesApp_SampleMoviesAppUITests.framework */ = {isa = PBXFileReference; explicitFileType = wrapper.framework; includeInIndex = 0; path = Pods_SampleMoviesApp_SampleMoviesAppUITests.framework; sourceTree = BUILT_PRODUCTS_DIR; };
		C753778CEAFB8E9A8E478378 /* Pods-SampleMoviesApp.release.xcconfig */ = {isa = PBXFileReference; includeInIndex = 1; lastKnownFileType = text.xcconfig; name = "Pods-SampleMoviesApp.release.xcconfig"; path = "Target Support Files/Pods-SampleMoviesApp/Pods-SampleMoviesApp.release.xcconfig"; sourceTree = "<group>"; };
		C8F636F48EFF6A12F19950E3 /* Pods-SampleMoviesAppTests.release.xcconfig */ = {isa = PBXFileReference; includeInIndex = 1; lastKnownFileType = text.xcconfig; name = "Pods-SampleMoviesAppTests.release.xcconfig"; path = "Target Support Files/Pods-SampleMoviesAppTests/Pods-SampleMoviesAppTests.release.xcconfig"; sourceTree = "<group>"; };
		CAA57D6E298D0193001BFFA6 /* Request+Extensions.swift */ = {isa = PBXFileReference; lastKnownFileType = sourcecode.swift; path = "Request+Extensions.swift"; sourceTree = "<group>"; };
		CAA57D70298D07CE001BFFA6 /* Paging.swift */ = {isa = PBXFileReference; lastKnownFileType = sourcecode.swift; path = Paging.swift; sourceTree = "<group>"; };
		CAE44FE8298CC8F300306E64 /* Main.storyboard */ = {isa = PBXFileReference; lastKnownFileType = file.storyboard; path = Main.storyboard; sourceTree = "<group>"; };
		CAE44FEA298CCB5600306E64 /* UIViewController+Extensions.swift */ = {isa = PBXFileReference; lastKnownFileType = sourcecode.swift; path = "UIViewController+Extensions.swift"; sourceTree = "<group>"; };
		F6F4728C298B5A7E00C3C77C /* SampleMoviesApp.app */ = {isa = PBXFileReference; explicitFileType = wrapper.application; includeInIndex = 0; path = SampleMoviesApp.app; sourceTree = BUILT_PRODUCTS_DIR; };
		F6F4728F298B5A7E00C3C77C /* AppDelegate.swift */ = {isa = PBXFileReference; lastKnownFileType = sourcecode.swift; path = AppDelegate.swift; sourceTree = "<group>"; };
		F6F47298298B5A7F00C3C77C /* Assets.xcassets */ = {isa = PBXFileReference; lastKnownFileType = folder.assetcatalog; path = Assets.xcassets; sourceTree = "<group>"; };
		F6F4729B298B5A7F00C3C77C /* Base */ = {isa = PBXFileReference; lastKnownFileType = file.storyboard; name = Base; path = Base.lproj/LaunchScreen.storyboard; sourceTree = "<group>"; };
		F6F4729D298B5A7F00C3C77C /* Info.plist */ = {isa = PBXFileReference; lastKnownFileType = text.plist.xml; path = Info.plist; sourceTree = "<group>"; };
		F6F472A2298B5A7F00C3C77C /* SampleMoviesAppTests.xctest */ = {isa = PBXFileReference; explicitFileType = wrapper.cfbundle; includeInIndex = 0; path = SampleMoviesAppTests.xctest; sourceTree = BUILT_PRODUCTS_DIR; };
		F6F472A6298B5A7F00C3C77C /* SampleMoviesAppTests.swift */ = {isa = PBXFileReference; lastKnownFileType = sourcecode.swift; path = SampleMoviesAppTests.swift; sourceTree = "<group>"; };
		F6F472AC298B5A7F00C3C77C /* SampleMoviesAppUITests.xctest */ = {isa = PBXFileReference; explicitFileType = wrapper.cfbundle; includeInIndex = 0; path = SampleMoviesAppUITests.xctest; sourceTree = BUILT_PRODUCTS_DIR; };
		F6F472B0298B5A7F00C3C77C /* SampleMoviesAppUITests.swift */ = {isa = PBXFileReference; lastKnownFileType = sourcecode.swift; path = SampleMoviesAppUITests.swift; sourceTree = "<group>"; };
		F6F472B2298B5A7F00C3C77C /* SampleMoviesAppUITestsLaunchTests.swift */ = {isa = PBXFileReference; lastKnownFileType = sourcecode.swift; path = SampleMoviesAppUITestsLaunchTests.swift; sourceTree = "<group>"; };
		F6F472C7298B605700C3C77C /* BookingViewController.swift */ = {isa = PBXFileReference; lastKnownFileType = sourcecode.swift; path = BookingViewController.swift; sourceTree = "<group>"; };
		F6F472CA298B625600C3C77C /* MovieDetailsViewController.swift */ = {isa = PBXFileReference; lastKnownFileType = sourcecode.swift; path = MovieDetailsViewController.swift; sourceTree = "<group>"; };
		F6F472D0298B62EE00C3C77C /* MovieService.swift */ = {isa = PBXFileReference; lastKnownFileType = sourcecode.swift; path = MovieService.swift; sourceTree = "<group>"; };
		F6F472D9298B6C4800C3C77C /* MainViewController.swift */ = {isa = PBXFileReference; lastKnownFileType = sourcecode.swift; path = MainViewController.swift; sourceTree = "<group>"; };
		F6F472DC298B718A00C3C77C /* MovieTableViewCell.swift */ = {isa = PBXFileReference; lastKnownFileType = sourcecode.swift; path = MovieTableViewCell.swift; sourceTree = "<group>"; };
		F6F472DD298B718A00C3C77C /* MovieTableViewCell.xib */ = {isa = PBXFileReference; lastKnownFileType = file.xib; path = MovieTableViewCell.xib; sourceTree = "<group>"; };
		F6F472E0298B731100C3C77C /* Movie.swift */ = {isa = PBXFileReference; lastKnownFileType = sourcecode.swift; path = Movie.swift; sourceTree = "<group>"; };
		F6F472E3298B752000C3C77C /* UIImageView+Extensions.swift */ = {isa = PBXFileReference; lastKnownFileType = sourcecode.swift; path = "UIImageView+Extensions.swift"; sourceTree = "<group>"; };
		F6F472F6298BA39900C3C77C /* HTTPMethod.swift */ = {isa = PBXFileReference; lastKnownFileType = sourcecode.swift; path = HTTPMethod.swift; sourceTree = "<group>"; };
		F6F472F8298BA3D600C3C77C /* Target.swift */ = {isa = PBXFileReference; lastKnownFileType = sourcecode.swift; path = Target.swift; sourceTree = "<group>"; };
		F6F472FE298BA75900C3C77C /* NetworkError.swift */ = {isa = PBXFileReference; lastKnownFileType = sourcecode.swift; path = NetworkError.swift; sourceTree = "<group>"; };
		F6F47302298BBD6300C3C77C /* Provider.swift */ = {isa = PBXFileReference; lastKnownFileType = sourcecode.swift; path = Provider.swift; sourceTree = "<group>"; };
		F6F47304298BC33600C3C77C /* MovieEndpoint.swift */ = {isa = PBXFileReference; lastKnownFileType = sourcecode.swift; path = MovieEndpoint.swift; sourceTree = "<group>"; };
		F6F47307298BC3CD00C3C77C /* Environment.swift */ = {isa = PBXFileReference; lastKnownFileType = sourcecode.swift; path = Environment.swift; sourceTree = "<group>"; };
		F6F47309298BD02C00C3C77C /* Genre.swift */ = {isa = PBXFileReference; lastKnownFileType = sourcecode.swift; path = Genre.swift; sourceTree = "<group>"; };
		F6F4730B298BD28700C3C77C /* MainViewModel.swift */ = {isa = PBXFileReference; lastKnownFileType = sourcecode.swift; path = MainViewModel.swift; sourceTree = "<group>"; };
/* End PBXFileReference section */

/* Begin PBXFrameworksBuildPhase section */
		F6F47289298B5A7E00C3C77C /* Frameworks */ = {
			isa = PBXFrameworksBuildPhase;
			buildActionMask = 2147483647;
			files = (
				CAE44FEC298CCFA200306E64 /* Pods_SampleMoviesApp.framework in Frameworks */,
			);
			runOnlyForDeploymentPostprocessing = 0;
		};
		F6F4729F298B5A7F00C3C77C /* Frameworks */ = {
			isa = PBXFrameworksBuildPhase;
			buildActionMask = 2147483647;
			files = (
				B49C49720ACDB14E5334E77C /* Pods_SampleMoviesAppTests.framework in Frameworks */,
			);
			runOnlyForDeploymentPostprocessing = 0;
		};
		F6F472A9298B5A7F00C3C77C /* Frameworks */ = {
			isa = PBXFrameworksBuildPhase;
			buildActionMask = 2147483647;
			files = (
				093AAC462F65838D25A9CA59 /* Pods_SampleMoviesApp_SampleMoviesAppUITests.framework in Frameworks */,
			);
			runOnlyForDeploymentPostprocessing = 0;
		};
/* End PBXFrameworksBuildPhase section */

/* Begin PBXGroup section */
		21A9325DBB5592F971C1FEC7 /* Pods */ = {
			isa = PBXGroup;
			children = (
				44BFA3FE8F8F5E58AE7C0079 /* Pods-SampleMoviesApp.debug.xcconfig */,
				C753778CEAFB8E9A8E478378 /* Pods-SampleMoviesApp.release.xcconfig */,
				A83B38A77B272C7BDFF42632 /* Pods-SampleMoviesApp-SampleMoviesAppUITests.debug.xcconfig */,
				51D42C41F67AD8BD0795AB9F /* Pods-SampleMoviesApp-SampleMoviesAppUITests.release.xcconfig */,
				4C164345DB068F1474E58298 /* Pods-SampleMoviesAppTests.debug.xcconfig */,
				C8F636F48EFF6A12F19950E3 /* Pods-SampleMoviesAppTests.release.xcconfig */,
			);
			path = Pods;
			sourceTree = "<group>";
		};
		CAE44FE7298CC24500306E64 /* ViewModel */ = {
			isa = PBXGroup;
			children = (
			);
			path = ViewModel;
			sourceTree = "<group>";
		};
		CC9F667CF1B2372180FB36E7 /* Frameworks */ = {
			isa = PBXGroup;
			children = (
				131E284E4DE6A17E83B814EC /* Pods_SampleMoviesApp.framework */,
				B35495BFF7D9FD70E55B7704 /* Pods_SampleMoviesApp_SampleMoviesAppUITests.framework */,
				872C10B12171AB2C9AF07AB9 /* Pods_SampleMoviesAppTests.framework */,
			);
			name = Frameworks;
			sourceTree = "<group>";
		};
		F6F47283298B5A7E00C3C77C = {
			isa = PBXGroup;
			children = (
				F6F4728E298B5A7E00C3C77C /* SampleMoviesApp */,
				F6F472A5298B5A7F00C3C77C /* SampleMoviesAppTests */,
				F6F472AF298B5A7F00C3C77C /* SampleMoviesAppUITests */,
				F6F4728D298B5A7E00C3C77C /* Products */,
				21A9325DBB5592F971C1FEC7 /* Pods */,
				CC9F667CF1B2372180FB36E7 /* Frameworks */,
			);
			sourceTree = "<group>";
		};
		F6F4728D298B5A7E00C3C77C /* Products */ = {
			isa = PBXGroup;
			children = (
				F6F4728C298B5A7E00C3C77C /* SampleMoviesApp.app */,
				F6F472A2298B5A7F00C3C77C /* SampleMoviesAppTests.xctest */,
				F6F472AC298B5A7F00C3C77C /* SampleMoviesAppUITests.xctest */,
			);
			name = Products;
			sourceTree = "<group>";
		};
		F6F4728E298B5A7E00C3C77C /* SampleMoviesApp */ = {
			isa = PBXGroup;
			children = (
				F6F47306298BC3BB00C3C77C /* Commons */,
				F6F4729D298B5A7F00C3C77C /* Info.plist */,
				F6F4728F298B5A7E00C3C77C /* AppDelegate.swift */,
				F6F47298298B5A7F00C3C77C /* Assets.xcassets */,
				F6F4729A298B5A7F00C3C77C /* LaunchScreen.storyboard */,
				F6F472C1298B5B1300C3C77C /* Models */,
				F6F472C0298B5B0900C3C77C /* Scenes */,
				F6F472BF298B5B0100C3C77C /* Services */,
				F6F472E2298B74FE00C3C77C /* Extensions */,
			);
			path = SampleMoviesApp;
			sourceTree = "<group>";
		};
		F6F472A5298B5A7F00C3C77C /* SampleMoviesAppTests */ = {
			isa = PBXGroup;
			children = (
				F6F472A6298B5A7F00C3C77C /* SampleMoviesAppTests.swift */,
			);
			path = SampleMoviesAppTests;
			sourceTree = "<group>";
		};
		F6F472AF298B5A7F00C3C77C /* SampleMoviesAppUITests */ = {
			isa = PBXGroup;
			children = (
				F6F472B0298B5A7F00C3C77C /* SampleMoviesAppUITests.swift */,
				F6F472B2298B5A7F00C3C77C /* SampleMoviesAppUITestsLaunchTests.swift */,
			);
			path = SampleMoviesAppUITests;
			sourceTree = "<group>";
		};
		F6F472BF298B5B0100C3C77C /* Services */ = {
			isa = PBXGroup;
			children = (
				F6F472F5298BA1FF00C3C77C /* NetworkRequest */,
				F6F472D0298B62EE00C3C77C /* MovieService.swift */,
				F6F47304298BC33600C3C77C /* MovieEndpoint.swift */,
			);
			path = Services;
			sourceTree = "<group>";
		};
		F6F472C0298B5B0900C3C77C /* Scenes */ = {
			isa = PBXGroup;
			children = (
				F6F472C9298B617600C3C77C /* MovieDetails */,
				F6F472C5298B5BF600C3C77C /* Booking */,
				F6F472C4298B5BF000C3C77C /* Main */,
			);
			path = Scenes;
			sourceTree = "<group>";
		};
		F6F472C1298B5B1300C3C77C /* Models */ = {
			isa = PBXGroup;
			children = (
				F6F472E0298B731100C3C77C /* Movie.swift */,
				F6F47309298BD02C00C3C77C /* Genre.swift */,
				CAA57D70298D07CE001BFFA6 /* Paging.swift */,
			);
			path = Models;
			sourceTree = "<group>";
		};
		F6F472C3298B5B2100C3C77C /* ViewModel */ = {
			isa = PBXGroup;
			children = (
				F6F4730B298BD28700C3C77C /* MainViewModel.swift */,
			);
			path = ViewModel;
			sourceTree = "<group>";
		};
		F6F472C4298B5BF000C3C77C /* Main */ = {
			isa = PBXGroup;
			children = (
				F6F472C3298B5B2100C3C77C /* ViewModel */,
				F6F472DB298B717000C3C77C /* MovieTableViewCell */,
				F6F472D9298B6C4800C3C77C /* MainViewController.swift */,
				CAE44FE8298CC8F300306E64 /* Main.storyboard */,
			);
			path = Main;
			sourceTree = "<group>";
		};
		F6F472C5298B5BF600C3C77C /* Booking */ = {
			isa = PBXGroup;
			children = (
				F6F472C7298B605700C3C77C /* BookingViewController.swift */,
			);
			path = Booking;
			sourceTree = "<group>";
		};
		F6F472C9298B617600C3C77C /* MovieDetails */ = {
			isa = PBXGroup;
			children = (
				CAE44FE7298CC24500306E64 /* ViewModel */,
				F6F472CA298B625600C3C77C /* MovieDetailsViewController.swift */,
			);
			path = MovieDetails;
			sourceTree = "<group>";
		};
		F6F472DB298B717000C3C77C /* MovieTableViewCell */ = {
			isa = PBXGroup;
			children = (
				F6F472DC298B718A00C3C77C /* MovieTableViewCell.swift */,
				F6F472DD298B718A00C3C77C /* MovieTableViewCell.xib */,
			);
			path = MovieTableViewCell;
			sourceTree = "<group>";
		};
		F6F472E2298B74FE00C3C77C /* Extensions */ = {
			isa = PBXGroup;
			children = (
				F6F472E3298B752000C3C77C /* UIImageView+Extensions.swift */,
				CAE44FEA298CCB5600306E64 /* UIViewController+Extensions.swift */,
				CAA57D6E298D0193001BFFA6 /* Request+Extensions.swift */,
			);
			path = Extensions;
			sourceTree = "<group>";
		};
		F6F472F5298BA1FF00C3C77C /* NetworkRequest */ = {
			isa = PBXGroup;
			children = (
				F6F472F6298BA39900C3C77C /* HTTPMethod.swift */,
				F6F472FE298BA75900C3C77C /* NetworkError.swift */,
				F6F472F8298BA3D600C3C77C /* Target.swift */,
				F6F47302298BBD6300C3C77C /* Provider.swift */,
			);
			path = NetworkRequest;
			sourceTree = "<group>";
		};
		F6F47306298BC3BB00C3C77C /* Commons */ = {
			isa = PBXGroup;
			children = (
				F6F47307298BC3CD00C3C77C /* Environment.swift */,
			);
			path = Commons;
			sourceTree = "<group>";
		};
/* End PBXGroup section */

/* Begin PBXNativeTarget section */
		F6F4728B298B5A7E00C3C77C /* SampleMoviesApp */ = {
			isa = PBXNativeTarget;
			buildConfigurationList = F6F472B6298B5A7F00C3C77C /* Build configuration list for PBXNativeTarget "SampleMoviesApp" */;
			buildPhases = (
				DE22BBC40E56F73CA3D4557C /* [CP] Check Pods Manifest.lock */,
				F6F47288298B5A7E00C3C77C /* Sources */,
				F6F47289298B5A7E00C3C77C /* Frameworks */,
				F6F4728A298B5A7E00C3C77C /* Resources */,
				00F0ADDEE4CCC9D3305DED71 /* [CP] Embed Pods Frameworks */,
			);
			buildRules = (
			);
			dependencies = (
			);
			name = SampleMoviesApp;
			productName = SampleMoviesApp;
			productReference = F6F4728C298B5A7E00C3C77C /* SampleMoviesApp.app */;
			productType = "com.apple.product-type.application";
		};
		F6F472A1298B5A7F00C3C77C /* SampleMoviesAppTests */ = {
			isa = PBXNativeTarget;
			buildConfigurationList = F6F472B9298B5A7F00C3C77C /* Build configuration list for PBXNativeTarget "SampleMoviesAppTests" */;
			buildPhases = (
				3106476853710F380049ECEF /* [CP] Check Pods Manifest.lock */,
				F6F4729E298B5A7F00C3C77C /* Sources */,
				F6F4729F298B5A7F00C3C77C /* Frameworks */,
				F6F472A0298B5A7F00C3C77C /* Resources */,
			);
			buildRules = (
			);
			dependencies = (
				F6F472A4298B5A7F00C3C77C /* PBXTargetDependency */,
			);
			name = SampleMoviesAppTests;
			productName = SampleMoviesAppTests;
			productReference = F6F472A2298B5A7F00C3C77C /* SampleMoviesAppTests.xctest */;
			productType = "com.apple.product-type.bundle.unit-test";
		};
		F6F472AB298B5A7F00C3C77C /* SampleMoviesAppUITests */ = {
			isa = PBXNativeTarget;
			buildConfigurationList = F6F472BC298B5A7F00C3C77C /* Build configuration list for PBXNativeTarget "SampleMoviesAppUITests" */;
			buildPhases = (
				73B4D73B383F3B9A8F222B81 /* [CP] Check Pods Manifest.lock */,
				F6F472A8298B5A7F00C3C77C /* Sources */,
				F6F472A9298B5A7F00C3C77C /* Frameworks */,
				F6F472AA298B5A7F00C3C77C /* Resources */,
				3B952026B007D29ACC858EAF /* [CP] Embed Pods Frameworks */,
			);
			buildRules = (
			);
			dependencies = (
				F6F472AE298B5A7F00C3C77C /* PBXTargetDependency */,
			);
			name = SampleMoviesAppUITests;
			productName = SampleMoviesAppUITests;
			productReference = F6F472AC298B5A7F00C3C77C /* SampleMoviesAppUITests.xctest */;
			productType = "com.apple.product-type.bundle.ui-testing";
		};
/* End PBXNativeTarget section */

/* Begin PBXProject section */
		F6F47284298B5A7E00C3C77C /* Project object */ = {
			isa = PBXProject;
			attributes = {
				BuildIndependentTargetsInParallel = 1;
				LastSwiftUpdateCheck = 1410;
				LastUpgradeCheck = 1410;
				TargetAttributes = {
					F6F4728B298B5A7E00C3C77C = {
						CreatedOnToolsVersion = 14.1;
					};
					F6F472A1298B5A7F00C3C77C = {
						CreatedOnToolsVersion = 14.1;
						TestTargetID = F6F4728B298B5A7E00C3C77C;
					};
					F6F472AB298B5A7F00C3C77C = {
						CreatedOnToolsVersion = 14.1;
						TestTargetID = F6F4728B298B5A7E00C3C77C;
					};
				};
			};
			buildConfigurationList = F6F47287298B5A7E00C3C77C /* Build configuration list for PBXProject "SampleMoviesApp" */;
			compatibilityVersion = "Xcode 14.0";
			developmentRegion = en;
			hasScannedForEncodings = 0;
			knownRegions = (
				en,
				Base,
			);
			mainGroup = F6F47283298B5A7E00C3C77C;
			productRefGroup = F6F4728D298B5A7E00C3C77C /* Products */;
			projectDirPath = "";
			projectRoot = "";
			targets = (
				F6F4728B298B5A7E00C3C77C /* SampleMoviesApp */,
				F6F472A1298B5A7F00C3C77C /* SampleMoviesAppTests */,
				F6F472AB298B5A7F00C3C77C /* SampleMoviesAppUITests */,
			);
		};
/* End PBXProject section */

/* Begin PBXResourcesBuildPhase section */
		F6F4728A298B5A7E00C3C77C /* Resources */ = {
			isa = PBXResourcesBuildPhase;
			buildActionMask = 2147483647;
			files = (
				F6F4729C298B5A7F00C3C77C /* LaunchScreen.storyboard in Resources */,
				F6F47299298B5A7F00C3C77C /* Assets.xcassets in Resources */,
				F6F472DF298B718A00C3C77C /* MovieTableViewCell.xib in Resources */,
				CAE44FE9298CC8F300306E64 /* Main.storyboard in Resources */,
			);
			runOnlyForDeploymentPostprocessing = 0;
		};
		F6F472A0298B5A7F00C3C77C /* Resources */ = {
			isa = PBXResourcesBuildPhase;
			buildActionMask = 2147483647;
			files = (
			);
			runOnlyForDeploymentPostprocessing = 0;
		};
		F6F472AA298B5A7F00C3C77C /* Resources */ = {
			isa = PBXResourcesBuildPhase;
			buildActionMask = 2147483647;
			files = (
			);
			runOnlyForDeploymentPostprocessing = 0;
		};
/* End PBXResourcesBuildPhase section */

/* Begin PBXShellScriptBuildPhase section */
		00F0ADDEE4CCC9D3305DED71 /* [CP] Embed Pods Frameworks */ = {
			isa = PBXShellScriptBuildPhase;
			buildActionMask = 2147483647;
			files = (
			);
			inputFileListPaths = (
				"${PODS_ROOT}/Target Support Files/Pods-SampleMoviesApp/Pods-SampleMoviesApp-frameworks-${CONFIGURATION}-input-files.xcfilelist",
			);
			name = "[CP] Embed Pods Frameworks";
			outputFileListPaths = (
				"${PODS_ROOT}/Target Support Files/Pods-SampleMoviesApp/Pods-SampleMoviesApp-frameworks-${CONFIGURATION}-output-files.xcfilelist",
			);
			runOnlyForDeploymentPostprocessing = 0;
			shellPath = /bin/sh;
			shellScript = "\"${PODS_ROOT}/Target Support Files/Pods-SampleMoviesApp/Pods-SampleMoviesApp-frameworks.sh\"\n";
			showEnvVarsInLog = 0;
		};
		3106476853710F380049ECEF /* [CP] Check Pods Manifest.lock */ = {
			isa = PBXShellScriptBuildPhase;
			buildActionMask = 2147483647;
			files = (
			);
			inputFileListPaths = (
			);
			inputPaths = (
				"${PODS_PODFILE_DIR_PATH}/Podfile.lock",
				"${PODS_ROOT}/Manifest.lock",
			);
			name = "[CP] Check Pods Manifest.lock";
			outputFileListPaths = (
			);
			outputPaths = (
				"$(DERIVED_FILE_DIR)/Pods-SampleMoviesAppTests-checkManifestLockResult.txt",
			);
			runOnlyForDeploymentPostprocessing = 0;
			shellPath = /bin/sh;
			shellScript = "diff \"${PODS_PODFILE_DIR_PATH}/Podfile.lock\" \"${PODS_ROOT}/Manifest.lock\" > /dev/null\nif [ $? != 0 ] ; then\n    # print error to STDERR\n    echo \"error: The sandbox is not in sync with the Podfile.lock. Run 'pod install' or update your CocoaPods installation.\" >&2\n    exit 1\nfi\n# This output is used by Xcode 'outputs' to avoid re-running this script phase.\necho \"SUCCESS\" > \"${SCRIPT_OUTPUT_FILE_0}\"\n";
			showEnvVarsInLog = 0;
		};
		3B952026B007D29ACC858EAF /* [CP] Embed Pods Frameworks */ = {
			isa = PBXShellScriptBuildPhase;
			buildActionMask = 2147483647;
			files = (
			);
			inputFileListPaths = (
				"${PODS_ROOT}/Target Support Files/Pods-SampleMoviesApp-SampleMoviesAppUITests/Pods-SampleMoviesApp-SampleMoviesAppUITests-frameworks-${CONFIGURATION}-input-files.xcfilelist",
			);
			name = "[CP] Embed Pods Frameworks";
			outputFileListPaths = (
				"${PODS_ROOT}/Target Support Files/Pods-SampleMoviesApp-SampleMoviesAppUITests/Pods-SampleMoviesApp-SampleMoviesAppUITests-frameworks-${CONFIGURATION}-output-files.xcfilelist",
			);
			runOnlyForDeploymentPostprocessing = 0;
			shellPath = /bin/sh;
			shellScript = "\"${PODS_ROOT}/Target Support Files/Pods-SampleMoviesApp-SampleMoviesAppUITests/Pods-SampleMoviesApp-SampleMoviesAppUITests-frameworks.sh\"\n";
			showEnvVarsInLog = 0;
		};
		73B4D73B383F3B9A8F222B81 /* [CP] Check Pods Manifest.lock */ = {
			isa = PBXShellScriptBuildPhase;
			buildActionMask = 2147483647;
			files = (
			);
			inputFileListPaths = (
			);
			inputPaths = (
				"${PODS_PODFILE_DIR_PATH}/Podfile.lock",
				"${PODS_ROOT}/Manifest.lock",
			);
			name = "[CP] Check Pods Manifest.lock";
			outputFileListPaths = (
			);
			outputPaths = (
				"$(DERIVED_FILE_DIR)/Pods-SampleMoviesApp-SampleMoviesAppUITests-checkManifestLockResult.txt",
			);
			runOnlyForDeploymentPostprocessing = 0;
			shellPath = /bin/sh;
			shellScript = "diff \"${PODS_PODFILE_DIR_PATH}/Podfile.lock\" \"${PODS_ROOT}/Manifest.lock\" > /dev/null\nif [ $? != 0 ] ; then\n    # print error to STDERR\n    echo \"error: The sandbox is not in sync with the Podfile.lock. Run 'pod install' or update your CocoaPods installation.\" >&2\n    exit 1\nfi\n# This output is used by Xcode 'outputs' to avoid re-running this script phase.\necho \"SUCCESS\" > \"${SCRIPT_OUTPUT_FILE_0}\"\n";
			showEnvVarsInLog = 0;
		};
		DE22BBC40E56F73CA3D4557C /* [CP] Check Pods Manifest.lock */ = {
			isa = PBXShellScriptBuildPhase;
			buildActionMask = 2147483647;
			files = (
			);
			inputFileListPaths = (
			);
			inputPaths = (
				"${PODS_PODFILE_DIR_PATH}/Podfile.lock",
				"${PODS_ROOT}/Manifest.lock",
			);
			name = "[CP] Check Pods Manifest.lock";
			outputFileListPaths = (
			);
			outputPaths = (
				"$(DERIVED_FILE_DIR)/Pods-SampleMoviesApp-checkManifestLockResult.txt",
			);
			runOnlyForDeploymentPostprocessing = 0;
			shellPath = /bin/sh;
			shellScript = "diff \"${PODS_PODFILE_DIR_PATH}/Podfile.lock\" \"${PODS_ROOT}/Manifest.lock\" > /dev/null\nif [ $? != 0 ] ; then\n    # print error to STDERR\n    echo \"error: The sandbox is not in sync with the Podfile.lock. Run 'pod install' or update your CocoaPods installation.\" >&2\n    exit 1\nfi\n# This output is used by Xcode 'outputs' to avoid re-running this script phase.\necho \"SUCCESS\" > \"${SCRIPT_OUTPUT_FILE_0}\"\n";
			showEnvVarsInLog = 0;
		};
/* End PBXShellScriptBuildPhase section */

/* Begin PBXSourcesBuildPhase section */
		F6F47288298B5A7E00C3C77C /* Sources */ = {
			isa = PBXSourcesBuildPhase;
			buildActionMask = 2147483647;
			files = (
				F6F472DE298B718A00C3C77C /* MovieTableViewCell.swift in Sources */,
				F6F4730C298BD28700C3C77C /* MainViewModel.swift in Sources */,
				F6F472E4298B752000C3C77C /* UIImageView+Extensions.swift in Sources */,
				F6F47303298BBD6300C3C77C /* Provider.swift in Sources */,
				CAE44FEB298CCB5600306E64 /* UIViewController+Extensions.swift in Sources */,
				F6F47290298B5A7E00C3C77C /* AppDelegate.swift in Sources */,
				F6F47308298BC3CD00C3C77C /* Environment.swift in Sources */,
				F6F472C8298B605700C3C77C /* BookingViewController.swift in Sources */,
				F6F4730A298BD02C00C3C77C /* Genre.swift in Sources */,
				CAA57D6F298D0193001BFFA6 /* Request+Extensions.swift in Sources */,
				F6F472F9298BA3D600C3C77C /* Target.swift in Sources */,
				CAA57D71298D07CE001BFFA6 /* Paging.swift in Sources */,
				F6F472D1298B62EE00C3C77C /* MovieService.swift in Sources */,
				F6F472DA298B6C4800C3C77C /* MainViewController.swift in Sources */,
				F6F472E1298B731100C3C77C /* Movie.swift in Sources */,
				F6F472FF298BA75900C3C77C /* NetworkError.swift in Sources */,
				F6F472CB298B625600C3C77C /* MovieDetailsViewController.swift in Sources */,
				F6F472F7298BA39900C3C77C /* HTTPMethod.swift in Sources */,
				F6F47305298BC33600C3C77C /* MovieEndpoint.swift in Sources */,
			);
			runOnlyForDeploymentPostprocessing = 0;
		};
		F6F4729E298B5A7F00C3C77C /* Sources */ = {
			isa = PBXSourcesBuildPhase;
			buildActionMask = 2147483647;
			files = (
				F6F472A7298B5A7F00C3C77C /* SampleMoviesAppTests.swift in Sources */,
			);
			runOnlyForDeploymentPostprocessing = 0;
		};
		F6F472A8298B5A7F00C3C77C /* Sources */ = {
			isa = PBXSourcesBuildPhase;
			buildActionMask = 2147483647;
			files = (
				F6F472B1298B5A7F00C3C77C /* SampleMoviesAppUITests.swift in Sources */,
				F6F472B3298B5A7F00C3C77C /* SampleMoviesAppUITestsLaunchTests.swift in Sources */,
			);
			runOnlyForDeploymentPostprocessing = 0;
		};
/* End PBXSourcesBuildPhase section */

/* Begin PBXTargetDependency section */
		F6F472A4298B5A7F00C3C77C /* PBXTargetDependency */ = {
			isa = PBXTargetDependency;
			target = F6F4728B298B5A7E00C3C77C /* SampleMoviesApp */;
			targetProxy = F6F472A3298B5A7F00C3C77C /* PBXContainerItemProxy */;
		};
		F6F472AE298B5A7F00C3C77C /* PBXTargetDependency */ = {
			isa = PBXTargetDependency;
			target = F6F4728B298B5A7E00C3C77C /* SampleMoviesApp */;
			targetProxy = F6F472AD298B5A7F00C3C77C /* PBXContainerItemProxy */;
		};
/* End PBXTargetDependency section */

/* Begin PBXVariantGroup section */
		F6F4729A298B5A7F00C3C77C /* LaunchScreen.storyboard */ = {
			isa = PBXVariantGroup;
			children = (
				F6F4729B298B5A7F00C3C77C /* Base */,
			);
			name = LaunchScreen.storyboard;
			sourceTree = "<group>";
		};
/* End PBXVariantGroup section */

/* Begin XCBuildConfiguration section */
		F6F472B4298B5A7F00C3C77C /* Debug */ = {
			isa = XCBuildConfiguration;
			buildSettings = {
				ALWAYS_SEARCH_USER_PATHS = NO;
				CLANG_ANALYZER_NONNULL = YES;
				CLANG_ANALYZER_NUMBER_OBJECT_CONVERSION = YES_AGGRESSIVE;
				CLANG_CXX_LANGUAGE_STANDARD = "gnu++20";
				CLANG_ENABLE_MODULES = YES;
				CLANG_ENABLE_OBJC_ARC = YES;
				CLANG_ENABLE_OBJC_WEAK = YES;
				CLANG_WARN_BLOCK_CAPTURE_AUTORELEASING = YES;
				CLANG_WARN_BOOL_CONVERSION = YES;
				CLANG_WARN_COMMA = YES;
				CLANG_WARN_CONSTANT_CONVERSION = YES;
				CLANG_WARN_DEPRECATED_OBJC_IMPLEMENTATIONS = YES;
				CLANG_WARN_DIRECT_OBJC_ISA_USAGE = YES_ERROR;
				CLANG_WARN_DOCUMENTATION_COMMENTS = YES;
				CLANG_WARN_EMPTY_BODY = YES;
				CLANG_WARN_ENUM_CONVERSION = YES;
				CLANG_WARN_INFINITE_RECURSION = YES;
				CLANG_WARN_INT_CONVERSION = YES;
				CLANG_WARN_NON_LITERAL_NULL_CONVERSION = YES;
				CLANG_WARN_OBJC_IMPLICIT_RETAIN_SELF = YES;
				CLANG_WARN_OBJC_LITERAL_CONVERSION = YES;
				CLANG_WARN_OBJC_ROOT_CLASS = YES_ERROR;
				CLANG_WARN_QUOTED_INCLUDE_IN_FRAMEWORK_HEADER = YES;
				CLANG_WARN_RANGE_LOOP_ANALYSIS = YES;
				CLANG_WARN_STRICT_PROTOTYPES = YES;
				CLANG_WARN_SUSPICIOUS_MOVE = YES;
				CLANG_WARN_UNGUARDED_AVAILABILITY = YES_AGGRESSIVE;
				CLANG_WARN_UNREACHABLE_CODE = YES;
				CLANG_WARN__DUPLICATE_METHOD_MATCH = YES;
				COPY_PHASE_STRIP = NO;
				DEBUG_INFORMATION_FORMAT = dwarf;
				ENABLE_STRICT_OBJC_MSGSEND = YES;
				ENABLE_TESTABILITY = YES;
				GCC_C_LANGUAGE_STANDARD = gnu11;
				GCC_DYNAMIC_NO_PIC = NO;
				GCC_NO_COMMON_BLOCKS = YES;
				GCC_OPTIMIZATION_LEVEL = 0;
				GCC_PREPROCESSOR_DEFINITIONS = (
					"DEBUG=1",
					"$(inherited)",
				);
				GCC_WARN_64_TO_32_BIT_CONVERSION = YES;
				GCC_WARN_ABOUT_RETURN_TYPE = YES_ERROR;
				GCC_WARN_UNDECLARED_SELECTOR = YES;
				GCC_WARN_UNINITIALIZED_AUTOS = YES_AGGRESSIVE;
				GCC_WARN_UNUSED_FUNCTION = YES;
				GCC_WARN_UNUSED_VARIABLE = YES;
				IPHONEOS_DEPLOYMENT_TARGET = 11.0;
				MTL_ENABLE_DEBUG_INFO = INCLUDE_SOURCE;
				MTL_FAST_MATH = YES;
				ONLY_ACTIVE_ARCH = YES;
				SDKROOT = iphoneos;
				SWIFT_ACTIVE_COMPILATION_CONDITIONS = DEBUG;
				SWIFT_OPTIMIZATION_LEVEL = "-Onone";
			};
			name = Debug;
		};
		F6F472B5298B5A7F00C3C77C /* Release */ = {
			isa = XCBuildConfiguration;
			buildSettings = {
				ALWAYS_SEARCH_USER_PATHS = NO;
				CLANG_ANALYZER_NONNULL = YES;
				CLANG_ANALYZER_NUMBER_OBJECT_CONVERSION = YES_AGGRESSIVE;
				CLANG_CXX_LANGUAGE_STANDARD = "gnu++20";
				CLANG_ENABLE_MODULES = YES;
				CLANG_ENABLE_OBJC_ARC = YES;
				CLANG_ENABLE_OBJC_WEAK = YES;
				CLANG_WARN_BLOCK_CAPTURE_AUTORELEASING = YES;
				CLANG_WARN_BOOL_CONVERSION = YES;
				CLANG_WARN_COMMA = YES;
				CLANG_WARN_CONSTANT_CONVERSION = YES;
				CLANG_WARN_DEPRECATED_OBJC_IMPLEMENTATIONS = YES;
				CLANG_WARN_DIRECT_OBJC_ISA_USAGE = YES_ERROR;
				CLANG_WARN_DOCUMENTATION_COMMENTS = YES;
				CLANG_WARN_EMPTY_BODY = YES;
				CLANG_WARN_ENUM_CONVERSION = YES;
				CLANG_WARN_INFINITE_RECURSION = YES;
				CLANG_WARN_INT_CONVERSION = YES;
				CLANG_WARN_NON_LITERAL_NULL_CONVERSION = YES;
				CLANG_WARN_OBJC_IMPLICIT_RETAIN_SELF = YES;
				CLANG_WARN_OBJC_LITERAL_CONVERSION = YES;
				CLANG_WARN_OBJC_ROOT_CLASS = YES_ERROR;
				CLANG_WARN_QUOTED_INCLUDE_IN_FRAMEWORK_HEADER = YES;
				CLANG_WARN_RANGE_LOOP_ANALYSIS = YES;
				CLANG_WARN_STRICT_PROTOTYPES = YES;
				CLANG_WARN_SUSPICIOUS_MOVE = YES;
				CLANG_WARN_UNGUARDED_AVAILABILITY = YES_AGGRESSIVE;
				CLANG_WARN_UNREACHABLE_CODE = YES;
				CLANG_WARN__DUPLICATE_METHOD_MATCH = YES;
				COPY_PHASE_STRIP = NO;
				DEBUG_INFORMATION_FORMAT = "dwarf-with-dsym";
				ENABLE_NS_ASSERTIONS = NO;
				ENABLE_STRICT_OBJC_MSGSEND = YES;
				GCC_C_LANGUAGE_STANDARD = gnu11;
				GCC_NO_COMMON_BLOCKS = YES;
				GCC_WARN_64_TO_32_BIT_CONVERSION = YES;
				GCC_WARN_ABOUT_RETURN_TYPE = YES_ERROR;
				GCC_WARN_UNDECLARED_SELECTOR = YES;
				GCC_WARN_UNINITIALIZED_AUTOS = YES_AGGRESSIVE;
				GCC_WARN_UNUSED_FUNCTION = YES;
				GCC_WARN_UNUSED_VARIABLE = YES;
				IPHONEOS_DEPLOYMENT_TARGET = 11.0;
				MTL_ENABLE_DEBUG_INFO = NO;
				MTL_FAST_MATH = YES;
				SDKROOT = iphoneos;
				SWIFT_COMPILATION_MODE = wholemodule;
				SWIFT_OPTIMIZATION_LEVEL = "-O";
				VALIDATE_PRODUCT = YES;
			};
			name = Release;
		};
		F6F472B7298B5A7F00C3C77C /* Debug */ = {
			isa = XCBuildConfiguration;
			baseConfigurationReference = 44BFA3FE8F8F5E58AE7C0079 /* Pods-SampleMoviesApp.debug.xcconfig */;
			buildSettings = {
				ASSETCATALOG_COMPILER_APPICON_NAME = AppIcon;
				ASSETCATALOG_COMPILER_GLOBAL_ACCENT_COLOR_NAME = AccentColor;
				CODE_SIGN_STYLE = Automatic;
				CURRENT_PROJECT_VERSION = 1;
				DEVELOPMENT_TEAM = AF62Q2LR87;
				GENERATE_INFOPLIST_FILE = YES;
				INFOPLIST_FILE = SampleMoviesApp/Info.plist;
				INFOPLIST_KEY_CFBundleDisplayName = Movies;
				INFOPLIST_KEY_UIApplicationSupportsIndirectInputEvents = YES;
				INFOPLIST_KEY_UILaunchStoryboardName = LaunchScreen.storyboard;
				INFOPLIST_KEY_UIMainStoryboardFile = Main;
				INFOPLIST_KEY_UISupportedInterfaceOrientations = UIInterfaceOrientationPortrait;
				IPHONEOS_DEPLOYMENT_TARGET = 11.0;
				LD_RUNPATH_SEARCH_PATHS = (
					"$(inherited)",
					"@executable_path/Frameworks",
				);
				MARKETING_VERSION = 1.0;
				PRODUCT_BUNDLE_IDENTIFIER = com.phuongdang.samplemovies;
				PRODUCT_NAME = "$(TARGET_NAME)";
				SUPPORTED_PLATFORMS = "iphoneos iphonesimulator";
				SUPPORTS_MACCATALYST = NO;
				SUPPORTS_MAC_DESIGNED_FOR_IPHONE_IPAD = NO;
				SWIFT_EMIT_LOC_STRINGS = YES;
				SWIFT_VERSION = 5.0;
				TARGETED_DEVICE_FAMILY = "1,2";
			};
			name = Debug;
		};
		F6F472B8298B5A7F00C3C77C /* Release */ = {
			isa = XCBuildConfiguration;
			baseConfigurationReference = C753778CEAFB8E9A8E478378 /* Pods-SampleMoviesApp.release.xcconfig */;
			buildSettings = {
				ASSETCATALOG_COMPILER_APPICON_NAME = AppIcon;
				ASSETCATALOG_COMPILER_GLOBAL_ACCENT_COLOR_NAME = AccentColor;
				CODE_SIGN_STYLE = Automatic;
				CURRENT_PROJECT_VERSION = 1;
				DEVELOPMENT_TEAM = AF62Q2LR87;
				GENERATE_INFOPLIST_FILE = YES;
				INFOPLIST_FILE = SampleMoviesApp/Info.plist;
				INFOPLIST_KEY_CFBundleDisplayName = Movies;
				INFOPLIST_KEY_UIApplicationSupportsIndirectInputEvents = YES;
				INFOPLIST_KEY_UILaunchStoryboardName = LaunchScreen.storyboard;
				INFOPLIST_KEY_UIMainStoryboardFile = Main;
				INFOPLIST_KEY_UISupportedInterfaceOrientations = UIInterfaceOrientationPortrait;
				IPHONEOS_DEPLOYMENT_TARGET = 11.0;
				LD_RUNPATH_SEARCH_PATHS = (
					"$(inherited)",
					"@executable_path/Frameworks",
				);
				MARKETING_VERSION = 1.0;
				PRODUCT_BUNDLE_IDENTIFIER = com.phuongdang.samplemovies;
				PRODUCT_NAME = "$(TARGET_NAME)";
				SUPPORTED_PLATFORMS = "iphoneos iphonesimulator";
				SUPPORTS_MACCATALYST = NO;
				SUPPORTS_MAC_DESIGNED_FOR_IPHONE_IPAD = NO;
				SWIFT_EMIT_LOC_STRINGS = YES;
				SWIFT_VERSION = 5.0;
				TARGETED_DEVICE_FAMILY = "1,2";
			};
			name = Release;
		};
		F6F472BA298B5A7F00C3C77C /* Debug */ = {
			isa = XCBuildConfiguration;
			baseConfigurationReference = 4C164345DB068F1474E58298 /* Pods-SampleMoviesAppTests.debug.xcconfig */;
			buildSettings = {
				ALWAYS_EMBED_SWIFT_STANDARD_LIBRARIES = YES;
				BUNDLE_LOADER = "$(TEST_HOST)";
				CODE_SIGN_STYLE = Automatic;
				CURRENT_PROJECT_VERSION = 1;
				DEVELOPMENT_TEAM = AF62Q2LR87;
				GENERATE_INFOPLIST_FILE = YES;
				IPHONEOS_DEPLOYMENT_TARGET = 16.1;
				MARKETING_VERSION = 1.0;
				PRODUCT_BUNDLE_IDENTIFIER = com.phuongdang.SampleMoviesAppTests;
				PRODUCT_NAME = "$(TARGET_NAME)";
				SWIFT_EMIT_LOC_STRINGS = NO;
				SWIFT_VERSION = 5.0;
				TARGETED_DEVICE_FAMILY = "1,2";
				TEST_HOST = "$(BUILT_PRODUCTS_DIR)/SampleMoviesApp.app/$(BUNDLE_EXECUTABLE_FOLDER_PATH)/SampleMoviesApp";
			};
			name = Debug;
		};
		F6F472BB298B5A7F00C3C77C /* Release */ = {
			isa = XCBuildConfiguration;
			baseConfigurationReference = C8F636F48EFF6A12F19950E3 /* Pods-SampleMoviesAppTests.release.xcconfig */;
			buildSettings = {
				ALWAYS_EMBED_SWIFT_STANDARD_LIBRARIES = YES;
				BUNDLE_LOADER = "$(TEST_HOST)";
				CODE_SIGN_STYLE = Automatic;
				CURRENT_PROJECT_VERSION = 1;
				DEVELOPMENT_TEAM = AF62Q2LR87;
				GENERATE_INFOPLIST_FILE = YES;
				IPHONEOS_DEPLOYMENT_TARGET = 16.1;
				MARKETING_VERSION = 1.0;
				PRODUCT_BUNDLE_IDENTIFIER = com.phuongdang.SampleMoviesAppTests;
				PRODUCT_NAME = "$(TARGET_NAME)";
				SWIFT_EMIT_LOC_STRINGS = NO;
				SWIFT_VERSION = 5.0;
				TARGETED_DEVICE_FAMILY = "1,2";
				TEST_HOST = "$(BUILT_PRODUCTS_DIR)/SampleMoviesApp.app/$(BUNDLE_EXECUTABLE_FOLDER_PATH)/SampleMoviesApp";
			};
			name = Release;
		};
		F6F472BD298B5A7F00C3C77C /* Debug */ = {
			isa = XCBuildConfiguration;
			baseConfigurationReference = A83B38A77B272C7BDFF42632 /* Pods-SampleMoviesApp-SampleMoviesAppUITests.debug.xcconfig */;
			buildSettings = {
				ALWAYS_EMBED_SWIFT_STANDARD_LIBRARIES = YES;
				CODE_SIGN_STYLE = Automatic;
				CURRENT_PROJECT_VERSION = 1;
				DEVELOPMENT_TEAM = AF62Q2LR87;
				GENERATE_INFOPLIST_FILE = YES;
				MARKETING_VERSION = 1.0;
				PRODUCT_BUNDLE_IDENTIFIER = com.phuongdang.SampleMoviesAppUITests;
				PRODUCT_NAME = "$(TARGET_NAME)";
				SWIFT_EMIT_LOC_STRINGS = NO;
				SWIFT_VERSION = 5.0;
				TARGETED_DEVICE_FAMILY = "1,2";
				TEST_TARGET_NAME = SampleMoviesApp;
			};
			name = Debug;
		};
		F6F472BE298B5A7F00C3C77C /* Release */ = {
			isa = XCBuildConfiguration;
			baseConfigurationReference = 51D42C41F67AD8BD0795AB9F /* Pods-SampleMoviesApp-SampleMoviesAppUITests.release.xcconfig */;
			buildSettings = {
				ALWAYS_EMBED_SWIFT_STANDARD_LIBRARIES = YES;
				CODE_SIGN_STYLE = Automatic;
				CURRENT_PROJECT_VERSION = 1;
				DEVELOPMENT_TEAM = AF62Q2LR87;
				GENERATE_INFOPLIST_FILE = YES;
				MARKETING_VERSION = 1.0;
				PRODUCT_BUNDLE_IDENTIFIER = com.phuongdang.SampleMoviesAppUITests;
				PRODUCT_NAME = "$(TARGET_NAME)";
				SWIFT_EMIT_LOC_STRINGS = NO;
				SWIFT_VERSION = 5.0;
				TARGETED_DEVICE_FAMILY = "1,2";
				TEST_TARGET_NAME = SampleMoviesApp;
			};
			name = Release;
		};
/* End XCBuildConfiguration section */

/* Begin XCConfigurationList section */
		F6F47287298B5A7E00C3C77C /* Build configuration list for PBXProject "SampleMoviesApp" */ = {
			isa = XCConfigurationList;
			buildConfigurations = (
				F6F472B4298B5A7F00C3C77C /* Debug */,
				F6F472B5298B5A7F00C3C77C /* Release */,
			);
			defaultConfigurationIsVisible = 0;
			defaultConfigurationName = Release;
		};
		F6F472B6298B5A7F00C3C77C /* Build configuration list for PBXNativeTarget "SampleMoviesApp" */ = {
			isa = XCConfigurationList;
			buildConfigurations = (
				F6F472B7298B5A7F00C3C77C /* Debug */,
				F6F472B8298B5A7F00C3C77C /* Release */,
			);
			defaultConfigurationIsVisible = 0;
			defaultConfigurationName = Release;
		};
		F6F472B9298B5A7F00C3C77C /* Build configuration list for PBXNativeTarget "SampleMoviesAppTests" */ = {
			isa = XCConfigurationList;
			buildConfigurations = (
				F6F472BA298B5A7F00C3C77C /* Debug */,
				F6F472BB298B5A7F00C3C77C /* Release */,
			);
			defaultConfigurationIsVisible = 0;
			defaultConfigurationName = Release;
		};
		F6F472BC298B5A7F00C3C77C /* Build configuration list for PBXNativeTarget "SampleMoviesAppUITests" */ = {
			isa = XCConfigurationList;
			buildConfigurations = (
				F6F472BD298B5A7F00C3C77C /* Debug */,
				F6F472BE298B5A7F00C3C77C /* Release */,
			);
			defaultConfigurationIsVisible = 0;
			defaultConfigurationName = Release;
		};
/* End XCConfigurationList section */
	};
	rootObject = F6F47284298B5A7E00C3C77C /* Project object */;
}
